
Microsoft Visual Studio Solution File, Format Version 12.00
# Visual Studio Version 16
VisualStudioVersion = 16.0.30104.148
MinimumVisualStudioVersion = 10.0.40219.1
Project("{FAE04EC0-301F-11D3-BF4B-00C04F79EFBC}") = "Punto4", "Punto4\Punto4.csproj", "{2E868A50-DA39-459C-8501-34BA08545B8F}"
EndProject
Global
	GlobalSection(SolutionConfigurationPlatforms) = preSolution
		Debug|Any CPU = Debug|Any CPU
		Release|Any CPU = Release|Any CPU
	EndGlobalSection
	GlobalSection(ProjectConfigurationPlatforms) = postSolution
		{2E868A50-DA39-459C-8501-34BA08545B8F}.Debug|Any CPU.ActiveCfg = Debug|Any CPU
		{2E868A50-DA39-459C-8501-34BA08545B8F}.Debug|Any CPU.Build.0 = Debug|Any CPU
		{2E868A50-DA39-459C-8501-34BA08545B8F}.Release|Any CPU.ActiveCfg = Release|Any CPU
		{2E868A50-DA39-459C-8501-34BA08545B8F}.Release|Any CPU.Build.0 = Release|Any CPU
	EndGlobalSection
	GlobalSection(SolutionProperties) = preSolution
		HideSolutionNode = FALSE
	EndGlobalSection
	GlobalSection(ExtensibilityGlobals) = postSolution
		SolutionGuid = {3DC5F49D-23B5-454E-9F55-97DC9A3081CF}
	EndGlobalSection
EndGlobal
