
Microsoft Visual Studio Solution File, Format Version 12.00
# Visual Studio Version 16
VisualStudioVersion = 16.0.30104.148
MinimumVisualStudioVersion = 10.0.40219.1
Project("{FAE04EC0-301F-11D3-BF4B-00C04F79EFBC}") = "Tp6-Punto2", "Tp6-Punto2\Tp6-Punto2.csproj", "{637B132B-C1A6-4EB4-A744-405A2124F024}"
EndProject
Global
	GlobalSection(SolutionConfigurationPlatforms) = preSolution
		Debug|Any CPU = Debug|Any CPU
		Release|Any CPU = Release|Any CPU
	EndGlobalSection
	GlobalSection(ProjectConfigurationPlatforms) = postSolution
		{637B132B-C1A6-4EB4-A744-405A2124F024}.Debug|Any CPU.ActiveCfg = Debug|Any CPU
		{637B132B-C1A6-4EB4-A744-405A2124F024}.Debug|Any CPU.Build.0 = Debug|Any CPU
		{637B132B-C1A6-4EB4-A744-405A2124F024}.Release|Any CPU.ActiveCfg = Release|Any CPU
		{637B132B-C1A6-4EB4-A744-405A2124F024}.Release|Any CPU.Build.0 = Release|Any CPU
	EndGlobalSection
	GlobalSection(SolutionProperties) = preSolution
		HideSolutionNode = FALSE
	EndGlobalSection
	GlobalSection(ExtensibilityGlobals) = postSolution
		SolutionGuid = {66FA5385-474F-478D-B3D7-C630EC4B63D7}
	EndGlobalSection
EndGlobal
